// !$*UTF8*$!
{
	archiveVersion = 1;
	classes = {
	};
	objectVersion = 46;
	objects = {

/* Begin PBXBuildFile section */
		7561223EBBDF5630F3E61BFD /* Pods_SwiftyGiphySample.framework in Frameworks */ = {isa = PBXBuildFile; fileRef = D79F90267A12512EBF247ED4 /* Pods_SwiftyGiphySample.framework */; };
		C60B803E1E71E45000ECF39E /* AppDelegate.swift in Sources */ = {isa = PBXBuildFile; fileRef = C60B803D1E71E45000ECF39E /* AppDelegate.swift */; };
		C60B80431E71E45000ECF39E /* Main.storyboard in Resources */ = {isa = PBXBuildFile; fileRef = C60B80411E71E45000ECF39E /* Main.storyboard */; };
		C60B80451E71E45000ECF39E /* Assets.xcassets in Resources */ = {isa = PBXBuildFile; fileRef = C60B80441E71E45000ECF39E /* Assets.xcassets */; };
		C60B80481E71E45000ECF39E /* LaunchScreen.storyboard in Resources */ = {isa = PBXBuildFile; fileRef = C60B80461E71E45000ECF39E /* LaunchScreen.storyboard */; };
/* End PBXBuildFile section */

/* Begin PBXFileReference section */
		70EB9D07FA9D9945A12AF7A7 /* Pods-SwiftyGiphySample.debug.xcconfig */ = {isa = PBXFileReference; includeInIndex = 1; lastKnownFileType = text.xcconfig; name = "Pods-SwiftyGiphySample.debug.xcconfig"; path = "Pods/Target Support Files/Pods-SwiftyGiphySample/Pods-SwiftyGiphySample.debug.xcconfig"; sourceTree = "<group>"; };
		C60B803A1E71E45000ECF39E /* SwiftyGiphySample.app */ = {isa = PBXFileReference; explicitFileType = wrapper.application; includeInIndex = 0; path = SwiftyGiphySample.app; sourceTree = BUILT_PRODUCTS_DIR; };
		C60B803D1E71E45000ECF39E /* AppDelegate.swift */ = {isa = PBXFileReference; lastKnownFileType = sourcecode.swift; path = AppDelegate.swift; sourceTree = "<group>"; };
		C60B80421E71E45000ECF39E /* Base */ = {isa = PBXFileReference; lastKnownFileType = file.storyboard; name = Base; path = Base.lproj/Main.storyboard; sourceTree = "<group>"; };
		C60B80441E71E45000ECF39E /* Assets.xcassets */ = {isa = PBXFileReference; lastKnownFileType = folder.assetcatalog; path = Assets.xcassets; sourceTree = "<group>"; };
		C60B80471E71E45000ECF39E /* Base */ = {isa = PBXFileReference; lastKnownFileType = file.storyboard; name = Base; path = Base.lproj/LaunchScreen.storyboard; sourceTree = "<group>"; };
		C60B80491E71E45000ECF39E /* Info.plist */ = {isa = PBXFileReference; lastKnownFileType = text.plist.xml; path = Info.plist; sourceTree = "<group>"; };
		D79F90267A12512EBF247ED4 /* Pods_SwiftyGiphySample.framework */ = {isa = PBXFileReference; explicitFileType = wrapper.framework; includeInIndex = 0; path = Pods_SwiftyGiphySample.framework; sourceTree = BUILT_PRODUCTS_DIR; };
		DC4DC6F09817AC38267FD411 /* Pods-SwiftyGiphySample.release.xcconfig */ = {isa = PBXFileReference; includeInIndex = 1; lastKnownFileType = text.xcconfig; name = "Pods-SwiftyGiphySample.release.xcconfig"; path = "Pods/Target Support Files/Pods-SwiftyGiphySample/Pods-SwiftyGiphySample.release.xcconfig"; sourceTree = "<group>"; };
/* End PBXFileReference section */

/* Begin PBXFrameworksBuildPhase section */
		C60B80371E71E45000ECF39E /* Frameworks */ = {
			isa = PBXFrameworksBuildPhase;
			buildActionMask = 2147483647;
			files = (
				7561223EBBDF5630F3E61BFD /* Pods_SwiftyGiphySample.framework in Frameworks */,
			);
			runOnlyForDeploymentPostprocessing = 0;
		};
/* End PBXFrameworksBuildPhase section */

/* Begin PBXGroup section */
		7E994AA8178CA86F3F188D7C /* Pods */ = {
			isa = PBXGroup;
			children = (
				70EB9D07FA9D9945A12AF7A7 /* Pods-SwiftyGiphySample.debug.xcconfig */,
				DC4DC6F09817AC38267FD411 /* Pods-SwiftyGiphySample.release.xcconfig */,
			);
			name = Pods;
			sourceTree = "<group>";
		};
		C60B80311E71E45000ECF39E = {
			isa = PBXGroup;
			children = (
				C60B803C1E71E45000ECF39E /* SwiftyGiphy */,
				C60B803B1E71E45000ECF39E /* Products */,
				7E994AA8178CA86F3F188D7C /* Pods */,
				F6D7555CAD3D003E80FA8487 /* Frameworks */,
			);
			sourceTree = "<group>";
		};
		C60B803B1E71E45000ECF39E /* Products */ = {
			isa = PBXGroup;
			children = (
				C60B803A1E71E45000ECF39E /* SwiftyGiphySample.app */,
			);
			name = Products;
			sourceTree = "<group>";
		};
		C60B803C1E71E45000ECF39E /* SwiftyGiphy */ = {
			isa = PBXGroup;
			children = (
				C60B803D1E71E45000ECF39E /* AppDelegate.swift */,
				C60B80411E71E45000ECF39E /* Main.storyboard */,
				C60B80441E71E45000ECF39E /* Assets.xcassets */,
				C60B80631E71E4CC00ECF39E /* Supporting Files */,
			);
			path = SwiftyGiphy;
			sourceTree = "<group>";
		};
		C60B80631E71E4CC00ECF39E /* Supporting Files */ = {
			isa = PBXGroup;
			children = (
				C60B80461E71E45000ECF39E /* LaunchScreen.storyboard */,
				C60B80491E71E45000ECF39E /* Info.plist */,
			);
			name = "Supporting Files";
			sourceTree = "<group>";
		};
		F6D7555CAD3D003E80FA8487 /* Frameworks */ = {
			isa = PBXGroup;
			children = (
				D79F90267A12512EBF247ED4 /* Pods_SwiftyGiphySample.framework */,
			);
			name = Frameworks;
			sourceTree = "<group>";
		};
/* End PBXGroup section */

/* Begin PBXNativeTarget section */
		C60B80391E71E45000ECF39E /* SwiftyGiphySample */ = {
			isa = PBXNativeTarget;
			buildConfigurationList = C60B804C1E71E45000ECF39E /* Build configuration list for PBXNativeTarget "SwiftyGiphySample" */;
			buildPhases = (
				000D04B17D59F7C98E196067 /* [CP] Check Pods Manifest.lock */,
				C60B80361E71E45000ECF39E /* Sources */,
				C60B80371E71E45000ECF39E /* Frameworks */,
				C60B80381E71E45000ECF39E /* Resources */,
				CCBE918276636798D15B77FC /* [CP] Embed Pods Frameworks */,
			);
			buildRules = (
			);
			dependencies = (
			);
			name = SwiftyGiphySample;
			productName = SwiftyGiphy;
			productReference = C60B803A1E71E45000ECF39E /* SwiftyGiphySample.app */;
			productType = "com.apple.product-type.application";
		};
/* End PBXNativeTarget section */

/* Begin PBXProject section */
		C60B80321E71E45000ECF39E /* Project object */ = {
			isa = PBXProject;
			attributes = {
				LastSwiftUpdateCheck = 0820;
				LastUpgradeCheck = 1020;
				ORGANIZATIONNAME = 52inc;
				TargetAttributes = {
					C60B80391E71E45000ECF39E = {
						CreatedOnToolsVersion = 8.2.1;
						DevelopmentTeam = P87N88ZC7B;
						LastSwiftMigration = 1000;
						ProvisioningStyle = Automatic;
					};
				};
			};
			buildConfigurationList = C60B80351E71E45000ECF39E /* Build configuration list for PBXProject "SwiftyGiphy" */;
			compatibilityVersion = "Xcode 3.2";
			developmentRegion = en;
			hasScannedForEncodings = 0;
			knownRegions = (
				en,
				Base,
			);
			mainGroup = C60B80311E71E45000ECF39E;
			productRefGroup = C60B803B1E71E45000ECF39E /* Products */;
			projectDirPath = "";
			projectRoot = "";
			targets = (
				C60B80391E71E45000ECF39E /* SwiftyGiphySample */,
			);
		};
/* End PBXProject section */

/* Begin PBXResourcesBuildPhase section */
		C60B80381E71E45000ECF39E /* Resources */ = {
			isa = PBXResourcesBuildPhase;
			buildActionMask = 2147483647;
			files = (
				C60B80481E71E45000ECF39E /* LaunchScreen.storyboard in Resources */,
				C60B80451E71E45000ECF39E /* Assets.xcassets in Resources */,
				C60B80431E71E45000ECF39E /* Main.storyboard in Resources */,
			);
			runOnlyForDeploymentPostprocessing = 0;
		};
/* End PBXResourcesBuildPhase section */

/* Begin PBXShellScriptBuildPhase section */
		000D04B17D59F7C98E196067 /* [CP] Check Pods Manifest.lock */ = {
			isa = PBXShellScriptBuildPhase;
			buildActionMask = 2147483647;
			files = (
			);
			inputPaths = (
				"${PODS_PODFILE_DIR_PATH}/Podfile.lock",
				"${PODS_ROOT}/Manifest.lock",
			);
			name = "[CP] Check Pods Manifest.lock";
			outputPaths = (
				"$(DERIVED_FILE_DIR)/Pods-SwiftyGiphySample-checkManifestLockResult.txt",
			);
			runOnlyForDeploymentPostprocessing = 0;
			shellPath = /bin/sh;
			shellScript = "diff \"${PODS_PODFILE_DIR_PATH}/Podfile.lock\" \"${PODS_ROOT}/Manifest.lock\" > /dev/null\nif [ $? != 0 ] ; then\n    # print error to STDERR\n    echo \"error: The sandbox is not in sync with the Podfile.lock. Run 'pod install' or update your CocoaPods installation.\" >&2\n    exit 1\nfi\n# This output is used by Xcode 'outputs' to avoid re-running this script phase.\necho \"SUCCESS\" > \"${SCRIPT_OUTPUT_FILE_0}\"\n";
			showEnvVarsInLog = 0;
		};
		CCBE918276636798D15B77FC /* [CP] Embed Pods Frameworks */ = {
			isa = PBXShellScriptBuildPhase;
			buildActionMask = 2147483647;
			files = (
			);
			inputPaths = (
				"${PODS_ROOT}/Target Support Files/Pods-SwiftyGiphySample/Pods-SwiftyGiphySample-frameworks.sh",
				"${BUILT_PRODUCTS_DIR}/FLAnimatedImage/FLAnimatedImage.framework",
				"${BUILT_PRODUCTS_DIR}/NSTimer-Blocks/NSTimer_Blocks.framework",
				"${BUILT_PRODUCTS_DIR}/ObjectMapper/ObjectMapper.framework",
				"${BUILT_PRODUCTS_DIR}/SDWebImage/SDWebImage.framework",
				"${BUILT_PRODUCTS_DIR}/SwiftyGiphy/SwiftyGiphy.framework",
			);
			name = "[CP] Embed Pods Frameworks";
			outputPaths = (
				"${TARGET_BUILD_DIR}/${FRAMEWORKS_FOLDER_PATH}/FLAnimatedImage.framework",
				"${TARGET_BUILD_DIR}/${FRAMEWORKS_FOLDER_PATH}/NSTimer_Blocks.framework",
				"${TARGET_BUILD_DIR}/${FRAMEWORKS_FOLDER_PATH}/ObjectMapper.framework",
				"${TARGET_BUILD_DIR}/${FRAMEWORKS_FOLDER_PATH}/SDWebImage.framework",
				"${TARGET_BUILD_DIR}/${FRAMEWORKS_FOLDER_PATH}/SwiftyGiphy.framework",
			);
			runOnlyForDeploymentPostprocessing = 0;
			shellPath = /bin/sh;
			shellScript = "\"${PODS_ROOT}/Target Support Files/Pods-SwiftyGiphySample/Pods-SwiftyGiphySample-frameworks.sh\"\n";
			showEnvVarsInLog = 0;
		};
/* End PBXShellScriptBuildPhase section */

/* Begin PBXSourcesBuildPhase section */
		C60B80361E71E45000ECF39E /* Sources */ = {
			isa = PBXSourcesBuildPhase;
			buildActionMask = 2147483647;
			files = (
				C60B803E1E71E45000ECF39E /* AppDelegate.swift in Sources */,
			);
			runOnlyForDeploymentPostprocessing = 0;
		};
/* End PBXSourcesBuildPhase section */

/* Begin PBXVariantGroup section */
		C60B80411E71E45000ECF39E /* Main.storyboard */ = {
			isa = PBXVariantGroup;
			children = (
				C60B80421E71E45000ECF39E /* Base */,
			);
			name = Main.storyboard;
			sourceTree = "<group>";
		};
		C60B80461E71E45000ECF39E /* LaunchScreen.storyboard */ = {
			isa = PBXVariantGroup;
			children = (
				C60B80471E71E45000ECF39E /* Base */,
			);
			name = LaunchScreen.storyboard;
			sourceTree = "<group>";
		};
/* End PBXVariantGroup section */

/* Begin XCBuildConfiguration section */
		C60B804A1E71E45000ECF39E /* Debug */ = {
			isa = XCBuildConfiguration;
			buildSettings = {
				ALWAYS_SEARCH_USER_PATHS = NO;
				CLANG_ANALYZER_LOCALIZABILITY_NONLOCALIZED = YES;
				CLANG_ANALYZER_NONNULL = YES;
				CLANG_CXX_LANGUAGE_STANDARD = "gnu++0x";
				CLANG_CXX_LIBRARY = "libc++";
				CLANG_ENABLE_MODULES = YES;
				CLANG_ENABLE_OBJC_ARC = YES;
				CLANG_WARN_BLOCK_CAPTURE_AUTORELEASING = YES;
				CLANG_WARN_BOOL_CONVERSION = YES;
				CLANG_WARN_COMMA = YES;
				CLANG_WARN_CONSTANT_CONVERSION = YES;
				CLANG_WARN_DEPRECATED_OBJC_IMPLEMENTATIONS = YES;
				CLANG_WARN_DIRECT_OBJC_ISA_USAGE = YES_ERROR;
				CLANG_WARN_DOCUMENTATION_COMMENTS = YES;
				CLANG_WARN_EMPTY_BODY = YES;
				CLANG_WARN_ENUM_CONVERSION = YES;
				CLANG_WARN_INFINITE_RECURSION = YES;
				CLANG_WARN_INT_CONVERSION = YES;
				CLANG_WARN_NON_LITERAL_NULL_CONVERSION = YES;
				CLANG_WARN_OBJC_IMPLICIT_RETAIN_SELF = YES;
				CLANG_WARN_OBJC_LITERAL_CONVERSION = YES;
				CLANG_WARN_OBJC_ROOT_CLASS = YES_ERROR;
				CLANG_WARN_RANGE_LOOP_ANALYSIS = YES;
				CLANG_WARN_STRICT_PROTOTYPES = YES;
				CLANG_WARN_SUSPICIOUS_MOVE = YES;
				CLANG_WARN_UNREACHABLE_CODE = YES;
				CLANG_WARN__DUPLICATE_METHOD_MATCH = YES;
				"CODE_SIGN_IDENTITY[sdk=iphoneos*]" = "iPhone Developer";
				COPY_PHASE_STRIP = NO;
				DEBUG_INFORMATION_FORMAT = dwarf;
				ENABLE_STRICT_OBJC_MSGSEND = YES;
				ENABLE_TESTABILITY = YES;
				GCC_C_LANGUAGE_STANDARD = gnu99;
				GCC_DYNAMIC_NO_PIC = NO;
				GCC_NO_COMMON_BLOCKS = YES;
				GCC_OPTIMIZATION_LEVEL = 0;
				GCC_PREPROCESSOR_DEFINITIONS = (
					"DEBUG=1",
					"$(inherited)",
				);
				GCC_WARN_64_TO_32_BIT_CONVERSION = YES;
				GCC_WARN_ABOUT_RETURN_TYPE = YES_ERROR;
				GCC_WARN_UNDECLARED_SELECTOR = YES;
				GCC_WARN_UNINITIALIZED_AUTOS = YES_AGGRESSIVE;
				GCC_WARN_UNUSED_FUNCTION = YES;
				GCC_WARN_UNUSED_VARIABLE = YES;
				IPHONEOS_DEPLOYMENT_TARGET = 10.2;
				MTL_ENABLE_DEBUG_INFO = YES;
				ONLY_ACTIVE_ARCH = YES;
				SDKROOT = iphoneos;
				SWIFT_ACTIVE_COMPILATION_CONDITIONS = DEBUG;
				SWIFT_OPTIMIZATION_LEVEL = "-Onone";
				TARGETED_DEVICE_FAMILY = "1,2";
			};
			name = Debug;
		};
		C60B804B1E71E45000ECF39E /* Release */ = {
			isa = XCBuildConfiguration;
			buildSettings = {
				ALWAYS_SEARCH_USER_PATHS = NO;
				CLANG_ANALYZER_LOCALIZABILITY_NONLOCALIZED = YES;
				CLANG_ANALYZER_NONNULL = YES;
				CLANG_CXX_LANGUAGE_STANDARD = "gnu++0x";
				CLANG_CXX_LIBRARY = "libc++";
				CLANG_ENABLE_MODULES = YES;
				CLANG_ENABLE_OBJC_ARC = YES;
				CLANG_WARN_BLOCK_CAPTURE_AUTORELEASING = YES;
				CLANG_WARN_BOOL_CONVERSION = YES;
				CLANG_WARN_COMMA = YES;
				CLANG_WARN_CONSTANT_CONVERSION = YES;
				CLANG_WARN_DEPRECATED_OBJC_IMPLEMENTATIONS = YES;
				CLANG_WARN_DIRECT_OBJC_ISA_USAGE = YES_ERROR;
				CLANG_WARN_DOCUMENTATION_COMMENTS = YES;
				CLANG_WARN_EMPTY_BODY = YES;
				CLANG_WARN_ENUM_CONVERSION = YES;
				CLANG_WARN_INFINITE_RECURSION = YES;
				CLANG_WARN_INT_CONVERSION = YES;
				CLANG_WARN_NON_LITERAL_NULL_CONVERSION = YES;
				CLANG_WARN_OBJC_IMPLICIT_RETAIN_SELF = YES;
				CLANG_WARN_OBJC_LITERAL_CONVERSION = YES;
				CLANG_WARN_OBJC_ROOT_CLASS = YES_ERROR;
				CLANG_WARN_RANGE_LOOP_ANALYSIS = YES;
				CLANG_WARN_STRICT_PROTOTYPES = YES;
				CLANG_WARN_SUSPICIOUS_MOVE = YES;
				CLANG_WARN_UNREACHABLE_CODE = YES;
				CLANG_WARN__DUPLICATE_METHOD_MATCH = YES;
				"CODE_SIGN_IDENTITY[sdk=iphoneos*]" = "iPhone Developer";
				COPY_PHASE_STRIP = NO;
				DEBUG_INFORMATION_FORMAT = "dwarf-with-dsym";
				ENABLE_NS_ASSERTIONS = NO;
				ENABLE_STRICT_OBJC_MSGSEND = YES;
				GCC_C_LANGUAGE_STANDARD = gnu99;
				GCC_NO_COMMON_BLOCKS = YES;
				GCC_WARN_64_TO_32_BIT_CONVERSION = YES;
				GCC_WARN_ABOUT_RETURN_TYPE = YES_ERROR;
				GCC_WARN_UNDECLARED_SELECTOR = YES;
				GCC_WARN_UNINITIALIZED_AUTOS = YES_AGGRESSIVE;
				GCC_WARN_UNUSED_FUNCTION = YES;
				GCC_WARN_UNUSED_VARIABLE = YES;
				IPHONEOS_DEPLOYMENT_TARGET = 10.2;
				MTL_ENABLE_DEBUG_INFO = NO;
				SDKROOT = iphoneos;
				SWIFT_OPTIMIZATION_LEVEL = "-Owholemodule";
				TARGETED_DEVICE_FAMILY = "1,2";
				VALIDATE_PRODUCT = YES;
			};
			name = Release;
		};
		C60B804D1E71E45000ECF39E /* Debug */ = {
			isa = XCBuildConfiguration;
			baseConfigurationReference = 70EB9D07FA9D9945A12AF7A7 /* Pods-SwiftyGiphySample.debug.xcconfig */;
			buildSettings = {
				ASSETCATALOG_COMPILER_APPICON_NAME = AppIcon;
				DEVELOPMENT_TEAM = P87N88ZC7B;
				INFOPLIST_FILE = SwiftyGiphy/Info.plist;
				IPHONEOS_DEPLOYMENT_TARGET = 9.0;
				LD_RUNPATH_SEARCH_PATHS = "$(inherited) @executable_path/Frameworks";
				PRODUCT_BUNDLE_IDENTIFIER = com.52inc.SwiftyGiphySample;
				PRODUCT_NAME = "$(TARGET_NAME)";
				SWIFT_VERSION = 4.2;
			};
			name = Debug;
		};
		C60B804E1E71E45000ECF39E /* Release */ = {
			isa = XCBuildConfiguration;
			baseConfigurationReference = DC4DC6F09817AC38267FD411 /* Pods-SwiftyGiphySample.release.xcconfig */;
			buildSettings = {
				ASSETCATALOG_COMPILER_APPICON_NAME = AppIcon;
				DEVELOPMENT_TEAM = P87N88ZC7B;
				INFOPLIST_FILE = SwiftyGiphy/Info.plist;
				IPHONEOS_DEPLOYMENT_TARGET = 9.0;
				LD_RUNPATH_SEARCH_PATHS = "$(inherited) @executable_path/Frameworks";
				PRODUCT_BUNDLE_IDENTIFIER = com.52inc.SwiftyGiphySample;
				PRODUCT_NAME = "$(TARGET_NAME)";
				SWIFT_VERSION = 4.2;
			};
			name = Release;
		};
/* End XCBuildConfiguration section */

/* Begin XCConfigurationList section */
		C60B80351E71E45000ECF39E /* Build configuration list for PBXProject "SwiftyGiphy" */ = {
			isa = XCConfigurationList;
			buildConfigurations = (
				C60B804A1E71E45000ECF39E /* Debug */,
				C60B804B1E71E45000ECF39E /* Release */,
			);
			defaultConfigurationIsVisible = 0;
			defaultConfigurationName = Release;
		};
		C60B804C1E71E45000ECF39E /* Build configuration list for PBXNativeTarget "SwiftyGiphySample" */ = {
			isa = XCConfigurationList;
			buildConfigurations = (
				C60B804D1E71E45000ECF39E /* Debug */,
				C60B804E1E71E45000ECF39E /* Release */,
			);
			defaultConfigurationIsVisible = 0;
			defaultConfigurationName = Release;
		};
/* End XCConfigurationList section */
	};
	rootObject = C60B80321E71E45000ECF39E /* Project object */;
}
