PODS:
  - FLAnimatedImage (1.0.12)
  - NSTimer-Blocks (0.0.1)
  - ObjectMapper (2.2.4)
  - SDWebImage/Core (4.0.0)
  - SDWebImage/GIF (4.0.0):
    - FLAnimatedImage (~> 1.0)
    - SDWebImage/Core
  - SwiftyGiphy (1.0.8):
    - FLAnimatedImage (~> 1.0)
    - NSTimer-Blocks
    - ObjectMapper (~> 2.2)
    - SDWebImage/GIF

DEPENDENCIES:
  - SwiftyGiphy (from `../SwiftyGiphy`)

EXTERNAL SOURCES:
  SwiftyGiphy:
    :path: "../SwiftyGiphy"

SPEC CHECKSUMS:
  FLAnimatedImage: 4a0b56255d9b05f18b6dd7ee06871be5d3b89e31
  NSTimer-Blocks: 88faf9aef5f250ead087f3f67ae642517083bf36
  ObjectMapper: 81d0e5d7c57129e3e93f29a04bdf9669542b37d2
  SDWebImage: 76a6348bdc74eb5a55dd08a091ef298e56b55e41
  SwiftyGiphy: 35f60c50a2e775c77260ddbd141d149a3f5f6baa

PODFILE CHECKSUM: 99ae6577f47a8d8b2d37875a1c21f2c41e5295fb

COCOAPODS: 1.2.1
