PODS:
  - FLAnimatedImage (1.0.12)
  - NSTimer-Blocks (0.0.1)
  - ObjectMapper (3.3.0)
  - SDWebImage/Core (4.0.0)
  - SDWebImage/GIF (4.0.0):
    - FLAnimatedImage (~> 1.0)
    - SDWebImage/Core
  - SwiftyGiphy (1.2.0):
    - FLAnimatedImage (~> 1.0)
    - NSTimer-Blocks
    - ObjectMapper (~> 3.0)
    - SDWebImage/GIF

DEPENDENCIES:
  - SwiftyGiphy (from `../SwiftyGiphy`)

SPEC REPOS:
  https://github.com/cocoapods/specs.git:
    - FLAnimatedImage
    - NSTimer-Blocks
    - ObjectMapper
    - SDWebImage

EXTERNAL SOURCES:
  SwiftyGiphy:
    :path: "../SwiftyGiphy"

SPEC CHECKSUMS:
  FLAnimatedImage: 4a0b56255d9b05f18b6dd7ee06871be5d3b89e31
  NSTimer-Blocks: 88faf9aef5f250ead087f3f67ae642517083bf36
  ObjectMapper: b612bf8c8e99c4dc0bb6013a51f7c27966ed5da9
  SDWebImage: 76a6348bdc74eb5a55dd08a091ef298e56b55e41
  SwiftyGiphy: 6fb86ca967445826a9b1aa629ce22d970bca579d

PODFILE CHECKSUM: 99ae6577f47a8d8b2d37875a1c21f2c41e5295fb

COCOAPODS: 1.6.1
